
Microsoft Visual Studio Solution File, Format Version 12.00
# Visual Studio Version 16
VisualStudioVersion = 16.0.30011.22
MinimumVisualStudioVersion = 10.0.40219.1
Project("{9A19103F-16F7-4668-BE54-9A1E7A4F7556}") = "MajesticArt", "MajesticArt\MajesticArt.csproj", "{BA38EEB2-93DB-4BBF-AB6E-74B731A20262}"
EndProject
Project("{FAE04EC0-301F-11D3-BF4B-00C04F79EFBC}") = "MajesticArt.Core", "MajesticArt.Core\MajesticArt.Core.csproj", "{83D003B2-5C8F-4EE8-8B1B-CE8891C96441}"
EndProject
Global
	GlobalSection(SolutionConfigurationPlatforms) = preSolution
		Debug|Any CPU = Debug|Any CPU
		Release|Any CPU = Release|Any CPU
	EndGlobalSection
	GlobalSection(ProjectConfigurationPlatforms) = postSolution
		{BA38EEB2-93DB-4BBF-AB6E-74B731A20262}.Debug|Any CPU.ActiveCfg = Debug|Any CPU
		{BA38EEB2-93DB-4BBF-AB6E-74B731A20262}.Debug|Any CPU.Build.0 = Debug|Any CPU
		{BA38EEB2-93DB-4BBF-AB6E-74B731A20262}.Release|Any CPU.ActiveCfg = Release|Any CPU
		{BA38EEB2-93DB-4BBF-AB6E-74B731A20262}.Release|Any CPU.Build.0 = Release|Any CPU
		{83D003B2-5C8F-4EE8-8B1B-CE8891C96441}.Debug|Any CPU.ActiveCfg = Debug|Any CPU
		{83D003B2-5C8F-4EE8-8B1B-CE8891C96441}.Debug|Any CPU.Build.0 = Debug|Any CPU
		{83D003B2-5C8F-4EE8-8B1B-CE8891C96441}.Release|Any CPU.ActiveCfg = Release|Any CPU
		{83D003B2-5C8F-4EE8-8B1B-CE8891C96441}.Release|Any CPU.Build.0 = Release|Any CPU
	EndGlobalSection
	GlobalSection(SolutionProperties) = preSolution
		HideSolutionNode = FALSE
	EndGlobalSection
	GlobalSection(ExtensibilityGlobals) = postSolution
		SolutionGuid = {4244049C-0625-4B9D-928E-2359A84D2F4D}
	EndGlobalSection
EndGlobal
